{
    "_readme": [
        "This file locks the dependencies of your project to a known state",
        "Read more about it at https://getcomposer.org/doc/01-basic-usage.md#installing-dependencies",
        "This file is @generated automatically"
    ],
    "content-hash": "be4c2e511f1e051e4f1424446c6cf179",
    "packages": [
        {
            "name": "illuminate/contracts",
            "version": "v11.23.5",
            "source": {
                "type": "git",
                "url": "https://github.com/illuminate/contracts.git",
                "reference": "5a4c6dcf633c1f69e1b70bbea1ef1b7d2186d3da"
            },
            "dist": {
                "type": "zip",
                "url": "https://api.github.com/repos/illuminate/contracts/zipball/5a4c6dcf633c1f69e1b70bbea1ef1b7d2186d3da",
                "reference": "5a4c6dcf633c1f69e1b70bbea1ef1b7d2186d3da",
                "shasum": ""
            },
            "require": {
                "php": "^8.2",
                "psr/container": "^1.1.1|^2.0.1",
                "psr/simple-cache": "^1.0|^2.0|^3.0"
            },
            "type": "library",
            "extra": {
                "branch-alias": {
                    "dev-master": "11.x-dev"
                }
            },
            "autoload": {
                "psr-4": {
                    "Illuminate\\Contracts\\": ""
                }
            },
            "notification-url": "https://packagist.org/downloads/",
            "license": [
                "MIT"
            ],
            "authors": [
                {
                    "name": "Taylor Otwell",
                    "email": "taylor@laravel.com"
                }
            ],
            "description": "The Illuminate Contracts package.",
            "homepage": "https://laravel.com",
            "support": {
                "issues": "https://github.com/laravel/framework/issues",
                "source": "https://github.com/laravel/framework"
            },
            "time": "2024-09-12T15:25:08+00:00"
        },
        {
            "name": "lorisleiva/laravel-actions",
            "version": "v2.8.4",
            "source": {
                "type": "git",
                "url": "https://github.com/lorisleiva/laravel-actions.git",
                "reference": "5a168bfdd3b75dd6ff259019d4aeef784bbd5403"
            },
            "dist": {
                "type": "zip",
                "url": "https://api.github.com/repos/lorisleiva/laravel-actions/zipball/5a168bfdd3b75dd6ff259019d4aeef784bbd5403",
                "reference": "5a168bfdd3b75dd6ff259019d4aeef784bbd5403",
                "shasum": ""
            },
            "require": {
                "illuminate/contracts": "^10.0|^11.0",
                "lorisleiva/lody": "^0.5",
                "php": "^8.1"
            },
            "require-dev": {
                "orchestra/testbench": "^8.0|^9.0",
                "pestphp/pest": "^1.23|^2.34",
                "phpunit/phpunit": "^9.6|^10.0"
            },
            "type": "library",
            "extra": {
                "laravel": {
                    "providers": [
                        "Lorisleiva\\Actions\\ActionServiceProvider"
                    ],
                    "aliases": {
                        "Action": "Lorisleiva\\Actions\\Facades\\Actions"
                    }
                }
            },
            "autoload": {
                "psr-4": {
                    "Lorisleiva\\Actions\\": "src"
                }
            },
            "notification-url": "https://packagist.org/downloads/",
            "license": [
                "MIT"
            ],
            "authors": [
                {
                    "name": "Loris Leiva",
                    "email": "loris.leiva@gmail.com",
                    "homepage": "https://lorisleiva.com",
                    "role": "Developer"
                }
            ],
            "description": "Laravel components that take care of one specific task",
            "homepage": "https://github.com/lorisleiva/laravel-actions",
            "keywords": [
                "action",
                "command",
                "component",
                "controller",
                "job",
                "laravel",
                "listener",
                "object"
            ],
            "support": {
                "issues": "https://github.com/lorisleiva/laravel-actions/issues",
                "source": "https://github.com/lorisleiva/laravel-actions/tree/v2.8.4"
            },
            "funding": [
                {
                    "url": "https://github.com/sponsors/lorisleiva",
                    "type": "github"
                }
            ],
            "time": "2024-09-10T09:57:29+00:00"
        },
        {
            "name": "lorisleiva/lody",
            "version": "v0.5.0",
            "source": {
                "type": "git",
                "url": "https://github.com/lorisleiva/lody.git",
                "reference": "c2f51b070e99f3a240d66cf68ef1f232036917fe"
            },
            "dist": {
                "type": "zip",
                "url": "https://api.github.com/repos/lorisleiva/lody/zipball/c2f51b070e99f3a240d66cf68ef1f232036917fe",
                "reference": "c2f51b070e99f3a240d66cf68ef1f232036917fe",
                "shasum": ""
            },
            "require": {
                "illuminate/contracts": "^9.0|^10.0|^11.0",
                "php": "^8.0"
            },
            "require-dev": {
                "orchestra/testbench": "^9.0",
                "pestphp/pest": "^1.20|^2.34",
                "phpunit/phpunit": "^9.5.10|^10.5"
            },
            "type": "library",
            "extra": {
                "laravel": {
                    "providers": [
                        "Lorisleiva\\Lody\\LodyServiceProvider"
                    ],
                    "aliases": {
                        "Lody": "Lorisleiva\\Lody\\Lody"
                    }
                }
            },
            "autoload": {
                "psr-4": {
                    "Lorisleiva\\Lody\\": "src"
                }
            },
            "notification-url": "https://packagist.org/downloads/",
            "license": [
                "MIT"
            ],
            "authors": [
                {
                    "name": "Loris Leiva",
                    "email": "loris.leiva@gmail.com",
                    "homepage": "https://lorisleiva.com",
                    "role": "Developer"
                }
            ],
            "description": "Load files and classes as lazy collections in Laravel.",
            "homepage": "https://github.com/lorisleiva/lody",
            "keywords": [
                "classes",
                "collection",
                "files",
                "laravel",
                "load"
            ],
            "support": {
                "issues": "https://github.com/lorisleiva/lody/issues",
                "source": "https://github.com/lorisleiva/lody/tree/v0.5.0"
            },
            "funding": [
                {
                    "url": "https://github.com/sponsors/lorisleiva",
                    "type": "github"
                }
            ],
            "time": "2024-03-13T12:08:59+00:00"
        },
        {
            "name": "psr/container",
            "version": "2.0.2",
            "source": {
                "type": "git",
                "url": "https://github.com/php-fig/container.git",
                "reference": "c71ecc56dfe541dbd90c5360474fbc405f8d5963"
            },
            "dist": {
                "type": "zip",
                "url": "https://api.github.com/repos/php-fig/container/zipball/c71ecc56dfe541dbd90c5360474fbc405f8d5963",
                "reference": "c71ecc56dfe541dbd90c5360474fbc405f8d5963",
                "shasum": ""
            },
            "require": {
                "php": ">=7.4.0"
            },
            "type": "library",
            "extra": {
                "branch-alias": {
                    "dev-master": "2.0.x-dev"
                }
            },
            "autoload": {
                "psr-4": {
                    "Psr\\Container\\": "src/"
                }
            },
            "notification-url": "https://packagist.org/downloads/",
            "license": [
                "MIT"
            ],
            "authors": [
                {
                    "name": "PHP-FIG",
                    "homepage": "https://www.php-fig.org/"
                }
            ],
            "description": "Common Container Interface (PHP FIG PSR-11)",
            "homepage": "https://github.com/php-fig/container",
            "keywords": [
                "PSR-11",
                "container",
                "container-interface",
                "container-interop",
                "psr"
            ],
            "support": {
                "issues": "https://github.com/php-fig/container/issues",
                "source": "https://github.com/php-fig/container/tree/2.0.2"
            },
            "time": "2021-11-05T16:47:00+00:00"
        },
        {
            "name": "psr/simple-cache",
            "version": "3.0.0",
            "source": {
                "type": "git",
                "url": "https://github.com/php-fig/simple-cache.git",
                "reference": "764e0b3939f5ca87cb904f570ef9be2d78a07865"
            },
            "dist": {
                "type": "zip",
                "url": "https://api.github.com/repos/php-fig/simple-cache/zipball/764e0b3939f5ca87cb904f570ef9be2d78a07865",
                "reference": "764e0b3939f5ca87cb904f570ef9be2d78a07865",
                "shasum": ""
            },
            "require": {
                "php": ">=8.0.0"
            },
            "type": "library",
            "extra": {
                "branch-alias": {
                    "dev-master": "3.0.x-dev"
                }
            },
            "autoload": {
                "psr-4": {
                    "Psr\\SimpleCache\\": "src/"
                }
            },
            "notification-url": "https://packagist.org/downloads/",
            "license": [
                "MIT"
            ],
            "authors": [
                {
                    "name": "PHP-FIG",
                    "homepage": "https://www.php-fig.org/"
                }
            ],
            "description": "Common interfaces for simple caching",
            "keywords": [
                "cache",
                "caching",
                "psr",
                "psr-16",
                "simple-cache"
            ],
            "support": {
                "source": "https://github.com/php-fig/simple-cache/tree/3.0.0"
            },
            "time": "2021-10-29T13:26:27+00:00"
        }
    ],
    "packages-dev": [],
    "aliases": [],
    "minimum-stability": "stable",
    "stability-flags": [],
    "prefer-stable": false,
    "prefer-lowest": false,
    "platform": [],
    "platform-dev": [],
    "plugin-api-version": "2.3.0"
}
